
Microsoft Visual Studio Solution File, Format Version 12.00
# Visual Studio Version 16
VisualStudioVersion = 16.0.30204.135
MinimumVisualStudioVersion = 10.0.40219.1
Project("{FAE04EC0-301F-11D3-BF4B-00C04F79EFBC}") = "Drawing", "Drawing.csproj", "{D3ACE1F5-A0CD-432B-A183-2FF2FB7DCF17}"
EndProject
Global
	GlobalSection(SolutionConfigurationPlatforms) = preSolution
		Debug|Any CPU = Debug|Any CPU
		Release|Any CPU = Release|Any CPU
	EndGlobalSection
	GlobalSection(ProjectConfigurationPlatforms) = postSolution
		{D3ACE1F5-A0CD-432B-A183-2FF2FB7DCF17}.Debug|Any CPU.ActiveCfg = Debug|Any CPU
		{D3ACE1F5-A0CD-432B-A183-2FF2FB7DCF17}.Debug|Any CPU.Build.0 = Debug|Any CPU
		{D3ACE1F5-A0CD-432B-A183-2FF2FB7DCF17}.Release|Any CPU.ActiveCfg = Release|Any CPU
		{D3ACE1F5-A0CD-432B-A183-2FF2FB7DCF17}.Release|Any CPU.Build.0 = Release|Any CPU
	EndGlobalSection
	GlobalSection(SolutionProperties) = preSolution
		HideSolutionNode = FALSE
	EndGlobalSection
	GlobalSection(ExtensibilityGlobals) = postSolution
		SolutionGuid = {CDDD44C9-FBC7-470D-ACBB-451661DEF957}
	EndGlobalSection
EndGlobal
